// !$*UTF8*$!
{
	archiveVersion = 1;
	classes = {
	};
	objectVersion = 46;
	objects = {

/* Begin PBXBuildFile section */
		9493719C1D0C487300FE5B98 /* NumberMasking.swift in Sources */ = {isa = PBXBuildFile; fileRef = 9493719B1D0C487300FE5B98 /* NumberMasking.swift */; };
		94DD6E2F1D092EAA00A78691 /* AppDelegate.swift in Sources */ = {isa = PBXBuildFile; fileRef = 94DD6E2E1D092EAA00A78691 /* AppDelegate.swift */; };
		94DD6E311D092EAA00A78691 /* ViewController.swift in Sources */ = {isa = PBXBuildFile; fileRef = 94DD6E301D092EAA00A78691 /* ViewController.swift */; };
		94DD6E341D092EAA00A78691 /* Main.storyboard in Resources */ = {isa = PBXBuildFile; fileRef = 94DD6E321D092EAA00A78691 /* Main.storyboard */; };
		94DD6E361D092EAA00A78691 /* Assets.xcassets in Resources */ = {isa = PBXBuildFile; fileRef = 94DD6E351D092EAA00A78691 /* Assets.xcassets */; };
		94DD6E391D092EAA00A78691 /* LaunchScreen.storyboard in Resources */ = {isa = PBXBuildFile; fileRef = 94DD6E371D092EAA00A78691 /* LaunchScreen.storyboard */; };
		94DD6E441D092EAA00A78691 /* MaskNumberTests.swift in Sources */ = {isa = PBXBuildFile; fileRef = 94DD6E431D092EAA00A78691 /* MaskNumberTests.swift */; };
		94DD6E4F1D092EAA00A78691 /* MaskNumberUITests.swift in Sources */ = {isa = PBXBuildFile; fileRef = 94DD6E4E1D092EAA00A78691 /* MaskNumberUITests.swift */; };
		94DD6E5F1D097A4600A78691 /* PhoneNumberFormatter.swift in Sources */ = {isa = PBXBuildFile; fileRef = 94DD6E5E1D097A4600A78691 /* PhoneNumberFormatter.swift */; };
		94DD6E611D097C4700A78691 /* String+Extensions.swift in Sources */ = {isa = PBXBuildFile; fileRef = 94DD6E601D097C4700A78691 /* String+Extensions.swift */; };
/* End PBXBuildFile section */

/* Begin PBXContainerItemProxy section */
		94DD6E401D092EAA00A78691 /* PBXContainerItemProxy */ = {
			isa = PBXContainerItemProxy;
			containerPortal = 94DD6E231D092EAA00A78691 /* Project object */;
			proxyType = 1;
			remoteGlobalIDString = 94DD6E2A1D092EAA00A78691;
			remoteInfo = MaskNumber;
		};
		94DD6E4B1D092EAA00A78691 /* PBXContainerItemProxy */ = {
			isa = PBXContainerItemProxy;
			containerPortal = 94DD6E231D092EAA00A78691 /* Project object */;
			proxyType = 1;
			remoteGlobalIDString = 94DD6E2A1D092EAA00A78691;
			remoteInfo = MaskNumber;
		};
/* End PBXContainerItemProxy section */

/* Begin PBXFileReference section */
		9493719B1D0C487300FE5B98 /* NumberMasking.swift */ = {isa = PBXFileReference; fileEncoding = 4; lastKnownFileType = sourcecode.swift; path = NumberMasking.swift; sourceTree = "<group>"; };
		94DD6E2B1D092EAA00A78691 /* MaskNumber.app */ = {isa = PBXFileReference; explicitFileType = wrapper.application; includeInIndex = 0; path = MaskNumber.app; sourceTree = BUILT_PRODUCTS_DIR; };
		94DD6E2E1D092EAA00A78691 /* AppDelegate.swift */ = {isa = PBXFileReference; lastKnownFileType = sourcecode.swift; path = AppDelegate.swift; sourceTree = "<group>"; };
		94DD6E301D092EAA00A78691 /* ViewController.swift */ = {isa = PBXFileReference; lastKnownFileType = sourcecode.swift; path = ViewController.swift; sourceTree = "<group>"; };
		94DD6E331D092EAA00A78691 /* Base */ = {isa = PBXFileReference; lastKnownFileType = file.storyboard; name = Base; path = Base.lproj/Main.storyboard; sourceTree = "<group>"; };
		94DD6E351D092EAA00A78691 /* Assets.xcassets */ = {isa = PBXFileReference; lastKnownFileType = folder.assetcatalog; path = Assets.xcassets; sourceTree = "<group>"; };
		94DD6E381D092EAA00A78691 /* Base */ = {isa = PBXFileReference; lastKnownFileType = file.storyboard; name = Base; path = Base.lproj/LaunchScreen.storyboard; sourceTree = "<group>"; };
		94DD6E3A1D092EAA00A78691 /* Info.plist */ = {isa = PBXFileReference; lastKnownFileType = text.plist.xml; path = Info.plist; sourceTree = "<group>"; };
		94DD6E3F1D092EAA00A78691 /* MaskNumberTests.xctest */ = {isa = PBXFileReference; explicitFileType = wrapper.cfbundle; includeInIndex = 0; path = MaskNumberTests.xctest; sourceTree = BUILT_PRODUCTS_DIR; };
		94DD6E431D092EAA00A78691 /* MaskNumberTests.swift */ = {isa = PBXFileReference; lastKnownFileType = sourcecode.swift; path = MaskNumberTests.swift; sourceTree = "<group>"; };
		94DD6E451D092EAA00A78691 /* Info.plist */ = {isa = PBXFileReference; lastKnownFileType = text.plist.xml; path = Info.plist; sourceTree = "<group>"; };
		94DD6E4A1D092EAA00A78691 /* MaskNumberUITests.xctest */ = {isa = PBXFileReference; explicitFileType = wrapper.cfbundle; includeInIndex = 0; path = MaskNumberUITests.xctest; sourceTree = BUILT_PRODUCTS_DIR; };
		94DD6E4E1D092EAA00A78691 /* MaskNumberUITests.swift */ = {isa = PBXFileReference; lastKnownFileType = sourcecode.swift; path = MaskNumberUITests.swift; sourceTree = "<group>"; };
		94DD6E501D092EAA00A78691 /* Info.plist */ = {isa = PBXFileReference; lastKnownFileType = text.plist.xml; path = Info.plist; sourceTree = "<group>"; };
		94DD6E5E1D097A4600A78691 /* PhoneNumberFormatter.swift */ = {isa = PBXFileReference; fileEncoding = 4; lastKnownFileType = sourcecode.swift; path = PhoneNumberFormatter.swift; sourceTree = "<group>"; };
		94DD6E601D097C4700A78691 /* String+Extensions.swift */ = {isa = PBXFileReference; fileEncoding = 4; lastKnownFileType = sourcecode.swift; path = "String+Extensions.swift"; sourceTree = "<group>"; };
/* End PBXFileReference section */

/* Begin PBXFrameworksBuildPhase section */
		94DD6E281D092EAA00A78691 /* Frameworks */ = {
			isa = PBXFrameworksBuildPhase;
			buildActionMask = 2147483647;
			files = (
			);
			runOnlyForDeploymentPostprocessing = 0;
		};
		94DD6E3C1D092EAA00A78691 /* Frameworks */ = {
			isa = PBXFrameworksBuildPhase;
			buildActionMask = 2147483647;
			files = (
			);
			runOnlyForDeploymentPostprocessing = 0;
		};
		94DD6E471D092EAA00A78691 /* Frameworks */ = {
			isa = PBXFrameworksBuildPhase;
			buildActionMask = 2147483647;
			files = (
			);
			runOnlyForDeploymentPostprocessing = 0;
		};
/* End PBXFrameworksBuildPhase section */

/* Begin PBXGroup section */
		94DD6E221D092EAA00A78691 = {
			isa = PBXGroup;
			children = (
				94DD6E2D1D092EAA00A78691 /* MaskNumber */,
				94DD6E421D092EAA00A78691 /* MaskNumberTests */,
				94DD6E4D1D092EAA00A78691 /* MaskNumberUITests */,
				94DD6E2C1D092EAA00A78691 /* Products */,
			);
			sourceTree = "<group>";
		};
		94DD6E2C1D092EAA00A78691 /* Products */ = {
			isa = PBXGroup;
			children = (
				94DD6E2B1D092EAA00A78691 /* MaskNumber.app */,
				94DD6E3F1D092EAA00A78691 /* MaskNumberTests.xctest */,
				94DD6E4A1D092EAA00A78691 /* MaskNumberUITests.xctest */,
			);
			name = Products;
			sourceTree = "<group>";
		};
		94DD6E2D1D092EAA00A78691 /* MaskNumber */ = {
			isa = PBXGroup;
			children = (
				94DD6E2E1D092EAA00A78691 /* AppDelegate.swift */,
				94DD6E301D092EAA00A78691 /* ViewController.swift */,
				94DD6E601D097C4700A78691 /* String+Extensions.swift */,
				94DD6E5E1D097A4600A78691 /* PhoneNumberFormatter.swift */,
				9493719B1D0C487300FE5B98 /* NumberMasking.swift */,
				94DD6E321D092EAA00A78691 /* Main.storyboard */,
				94DD6E351D092EAA00A78691 /* Assets.xcassets */,
				94DD6E371D092EAA00A78691 /* LaunchScreen.storyboard */,
				94DD6E3A1D092EAA00A78691 /* Info.plist */,
			);
			path = MaskNumber;
			sourceTree = "<group>";
		};
		94DD6E421D092EAA00A78691 /* MaskNumberTests */ = {
			isa = PBXGroup;
			children = (
				94DD6E431D092EAA00A78691 /* MaskNumberTests.swift */,
				94DD6E451D092EAA00A78691 /* Info.plist */,
			);
			path = MaskNumberTests;
			sourceTree = "<group>";
		};
		94DD6E4D1D092EAA00A78691 /* MaskNumberUITests */ = {
			isa = PBXGroup;
			children = (
				94DD6E4E1D092EAA00A78691 /* MaskNumberUITests.swift */,
				94DD6E501D092EAA00A78691 /* Info.plist */,
			);
			path = MaskNumberUITests;
			sourceTree = "<group>";
		};
/* End PBXGroup section */

/* Begin PBXNativeTarget section */
		94DD6E2A1D092EAA00A78691 /* MaskNumber */ = {
			isa = PBXNativeTarget;
			buildConfigurationList = 94DD6E531D092EAA00A78691 /* Build configuration list for PBXNativeTarget "MaskNumber" */;
			buildPhases = (
				94DD6E271D092EAA00A78691 /* Sources */,
				94DD6E281D092EAA00A78691 /* Frameworks */,
				94DD6E291D092EAA00A78691 /* Resources */,
			);
			buildRules = (
			);
			dependencies = (
			);
			name = MaskNumber;
			productName = MaskNumber;
			productReference = 94DD6E2B1D092EAA00A78691 /* MaskNumber.app */;
			productType = "com.apple.product-type.application";
		};
		94DD6E3E1D092EAA00A78691 /* MaskNumberTests */ = {
			isa = PBXNativeTarget;
			buildConfigurationList = 94DD6E561D092EAA00A78691 /* Build configuration list for PBXNativeTarget "MaskNumberTests" */;
			buildPhases = (
				94DD6E3B1D092EAA00A78691 /* Sources */,
				94DD6E3C1D092EAA00A78691 /* Frameworks */,
				94DD6E3D1D092EAA00A78691 /* Resources */,
			);
			buildRules = (
			);
			dependencies = (
				94DD6E411D092EAA00A78691 /* PBXTargetDependency */,
			);
			name = MaskNumberTests;
			productName = MaskNumberTests;
			productReference = 94DD6E3F1D092EAA00A78691 /* MaskNumberTests.xctest */;
			productType = "com.apple.product-type.bundle.unit-test";
		};
		94DD6E491D092EAA00A78691 /* MaskNumberUITests */ = {
			isa = PBXNativeTarget;
			buildConfigurationList = 94DD6E591D092EAA00A78691 /* Build configuration list for PBXNativeTarget "MaskNumberUITests" */;
			buildPhases = (
				94DD6E461D092EAA00A78691 /* Sources */,
				94DD6E471D092EAA00A78691 /* Frameworks */,
				94DD6E481D092EAA00A78691 /* Resources */,
			);
			buildRules = (
			);
			dependencies = (
				94DD6E4C1D092EAA00A78691 /* PBXTargetDependency */,
			);
			name = MaskNumberUITests;
			productName = MaskNumberUITests;
			productReference = 94DD6E4A1D092EAA00A78691 /* MaskNumberUITests.xctest */;
			productType = "com.apple.product-type.bundle.ui-testing";
		};
/* End PBXNativeTarget section */

/* Begin PBXProject section */
		94DD6E231D092EAA00A78691 /* Project object */ = {
			isa = PBXProject;
			attributes = {
				LastSwiftUpdateCheck = 0730;
				LastUpgradeCheck = 0730;
				ORGANIZATIONNAME = "Kusal Shrestha";
				TargetAttributes = {
					94DD6E2A1D092EAA00A78691 = {
						CreatedOnToolsVersion = 7.3.1;
					};
					94DD6E3E1D092EAA00A78691 = {
						CreatedOnToolsVersion = 7.3.1;
						TestTargetID = 94DD6E2A1D092EAA00A78691;
					};
					94DD6E491D092EAA00A78691 = {
						CreatedOnToolsVersion = 7.3.1;
						TestTargetID = 94DD6E2A1D092EAA00A78691;
					};
				};
			};
			buildConfigurationList = 94DD6E261D092EAA00A78691 /* Build configuration list for PBXProject "MaskNumber" */;
			compatibilityVersion = "Xcode 3.2";
			developmentRegion = English;
			hasScannedForEncodings = 0;
			knownRegions = (
				en,
				Base,
			);
			mainGroup = 94DD6E221D092EAA00A78691;
			productRefGroup = 94DD6E2C1D092EAA00A78691 /* Products */;
			projectDirPath = "";
			projectRoot = "";
			targets = (
				94DD6E2A1D092EAA00A78691 /* MaskNumber */,
				94DD6E3E1D092EAA00A78691 /* MaskNumberTests */,
				94DD6E491D092EAA00A78691 /* MaskNumberUITests */,
			);
		};
/* End PBXProject section */

/* Begin PBXResourcesBuildPhase section */
		94DD6E291D092EAA00A78691 /* Resources */ = {
			isa = PBXResourcesBuildPhase;
			buildActionMask = 2147483647;
			files = (
				94DD6E391D092EAA00A78691 /* LaunchScreen.storyboard in Resources */,
				94DD6E361D092EAA00A78691 /* Assets.xcassets in Resources */,
				94DD6E341D092EAA00A78691 /* Main.storyboard in Resources */,
			);
			runOnlyForDeploymentPostprocessing = 0;
		};
		94DD6E3D1D092EAA00A78691 /* Resources */ = {
			isa = PBXResourcesBuildPhase;
			buildActionMask = 2147483647;
			files = (
			);
			runOnlyForDeploymentPostprocessing = 0;
		};
		94DD6E481D092EAA00A78691 /* Resources */ = {
			isa = PBXResourcesBuildPhase;
			buildActionMask = 2147483647;
			files = (
			);
			runOnlyForDeploymentPostprocessing = 0;
		};
/* End PBXResourcesBuildPhase section */

/* Begin PBXSourcesBuildPhase section */
		94DD6E271D092EAA00A78691 /* Sources */ = {
			isa = PBXSourcesBuildPhase;
			buildActionMask = 2147483647;
			files = (
				9493719C1D0C487300FE5B98 /* NumberMasking.swift in Sources */,
				94DD6E611D097C4700A78691 /* String+Extensions.swift in Sources */,
				94DD6E311D092EAA00A78691 /* ViewController.swift in Sources */,
				94DD6E5F1D097A4600A78691 /* PhoneNumberFormatter.swift in Sources */,
				94DD6E2F1D092EAA00A78691 /* AppDelegate.swift in Sources */,
			);
			runOnlyForDeploymentPostprocessing = 0;
		};
		94DD6E3B1D092EAA00A78691 /* Sources */ = {
			isa = PBXSourcesBuildPhase;
			buildActionMask = 2147483647;
			files = (
				94DD6E441D092EAA00A78691 /* MaskNumberTests.swift in Sources */,
			);
			runOnlyForDeploymentPostprocessing = 0;
		};
		94DD6E461D092EAA00A78691 /* Sources */ = {
			isa = PBXSourcesBuildPhase;
			buildActionMask = 2147483647;
			files = (
				94DD6E4F1D092EAA00A78691 /* MaskNumberUITests.swift in Sources */,
			);
			runOnlyForDeploymentPostprocessing = 0;
		};
/* End PBXSourcesBuildPhase section */

/* Begin PBXTargetDependency section */
		94DD6E411D092EAA00A78691 /* PBXTargetDependency */ = {
			isa = PBXTargetDependency;
			target = 94DD6E2A1D092EAA00A78691 /* MaskNumber */;
			targetProxy = 94DD6E401D092EAA00A78691 /* PBXContainerItemProxy */;
		};
		94DD6E4C1D092EAA00A78691 /* PBXTargetDependency */ = {
			isa = PBXTargetDependency;
			target = 94DD6E2A1D092EAA00A78691 /* MaskNumber */;
			targetProxy = 94DD6E4B1D092EAA00A78691 /* PBXContainerItemProxy */;
		};
/* End PBXTargetDependency section */

/* Begin PBXVariantGroup section */
		94DD6E321D092EAA00A78691 /* Main.storyboard */ = {
			isa = PBXVariantGroup;
			children = (
				94DD6E331D092EAA00A78691 /* Base */,
			);
			name = Main.storyboard;
			sourceTree = "<group>";
		};
		94DD6E371D092EAA00A78691 /* LaunchScreen.storyboard */ = {
			isa = PBXVariantGroup;
			children = (
				94DD6E381D092EAA00A78691 /* Base */,
			);
			name = LaunchScreen.storyboard;
			sourceTree = "<group>";
		};
/* End PBXVariantGroup section */

/* Begin XCBuildConfiguration section */
		94DD6E511D092EAA00A78691 /* Debug */ = {
			isa = XCBuildConfiguration;
			buildSettings = {
				ALWAYS_SEARCH_USER_PATHS = NO;
				CLANG_ANALYZER_NONNULL = YES;
				CLANG_CXX_LANGUAGE_STANDARD = "gnu++0x";
				CLANG_CXX_LIBRARY = "libc++";
				CLANG_ENABLE_MODULES = YES;
				CLANG_ENABLE_OBJC_ARC = YES;
				CLANG_WARN_BOOL_CONVERSION = YES;
				CLANG_WARN_CONSTANT_CONVERSION = YES;
				CLANG_WARN_DIRECT_OBJC_ISA_USAGE = YES_ERROR;
				CLANG_WARN_EMPTY_BODY = YES;
				CLANG_WARN_ENUM_CONVERSION = YES;
				CLANG_WARN_INT_CONVERSION = YES;
				CLANG_WARN_OBJC_ROOT_CLASS = YES_ERROR;
				CLANG_WARN_UNREACHABLE_CODE = YES;
				CLANG_WARN__DUPLICATE_METHOD_MATCH = YES;
				"CODE_SIGN_IDENTITY[sdk=iphoneos*]" = "iPhone Developer";
				COPY_PHASE_STRIP = NO;
				DEBUG_INFORMATION_FORMAT = dwarf;
				ENABLE_STRICT_OBJC_MSGSEND = YES;
				ENABLE_TESTABILITY = YES;
				GCC_C_LANGUAGE_STANDARD = gnu99;
				GCC_DYNAMIC_NO_PIC = NO;
				GCC_NO_COMMON_BLOCKS = YES;
				GCC_OPTIMIZATION_LEVEL = 0;
				GCC_PREPROCESSOR_DEFINITIONS = (
					"DEBUG=1",
					"$(inherited)",
				);
				GCC_WARN_64_TO_32_BIT_CONVERSION = YES;
				GCC_WARN_ABOUT_RETURN_TYPE = YES_ERROR;
				GCC_WARN_UNDECLARED_SELECTOR = YES;
				GCC_WARN_UNINITIALIZED_AUTOS = YES_AGGRESSIVE;
				GCC_WARN_UNUSED_FUNCTION = YES;
				GCC_WARN_UNUSED_VARIABLE = YES;
				IPHONEOS_DEPLOYMENT_TARGET = 9.3;
				MTL_ENABLE_DEBUG_INFO = YES;
				ONLY_ACTIVE_ARCH = YES;
				SDKROOT = iphoneos;
				SWIFT_OPTIMIZATION_LEVEL = "-Onone";
				TARGETED_DEVICE_FAMILY = "1,2";
			};
			name = Debug;
		};
		94DD6E521D092EAA00A78691 /* Release */ = {
			isa = XCBuildConfiguration;
			buildSettings = {
				ALWAYS_SEARCH_USER_PATHS = NO;
				CLANG_ANALYZER_NONNULL = YES;
				CLANG_CXX_LANGUAGE_STANDARD = "gnu++0x";
				CLANG_CXX_LIBRARY = "libc++";
				CLANG_ENABLE_MODULES = YES;
				CLANG_ENABLE_OBJC_ARC = YES;
				CLANG_WARN_BOOL_CONVERSION = YES;
				CLANG_WARN_CONSTANT_CONVERSION = YES;
				CLANG_WARN_DIRECT_OBJC_ISA_USAGE = YES_ERROR;
				CLANG_WARN_EMPTY_BODY = YES;
				CLANG_WARN_ENUM_CONVERSION = YES;
				CLANG_WARN_INT_CONVERSION = YES;
				CLANG_WARN_OBJC_ROOT_CLASS = YES_ERROR;
				CLANG_WARN_UNREACHABLE_CODE = YES;
				CLANG_WARN__DUPLICATE_METHOD_MATCH = YES;
				"CODE_SIGN_IDENTITY[sdk=iphoneos*]" = "iPhone Developer";
				COPY_PHASE_STRIP = NO;
				DEBUG_INFORMATION_FORMAT = "dwarf-with-dsym";
				ENABLE_NS_ASSERTIONS = NO;
				ENABLE_STRICT_OBJC_MSGSEND = YES;
				GCC_C_LANGUAGE_STANDARD = gnu99;
				GCC_NO_COMMON_BLOCKS = YES;
				GCC_WARN_64_TO_32_BIT_CONVERSION = YES;
				GCC_WARN_ABOUT_RETURN_TYPE = YES_ERROR;
				GCC_WARN_UNDECLARED_SELECTOR = YES;
				GCC_WARN_UNINITIALIZED_AUTOS = YES_AGGRESSIVE;
				GCC_WARN_UNUSED_FUNCTION = YES;
				GCC_WARN_UNUSED_VARIABLE = YES;
				IPHONEOS_DEPLOYMENT_TARGET = 9.3;
				MTL_ENABLE_DEBUG_INFO = NO;
				SDKROOT = iphoneos;
				TARGETED_DEVICE_FAMILY = "1,2";
				VALIDATE_PRODUCT = YES;
			};
			name = Release;
		};
		94DD6E541D092EAA00A78691 /* Debug */ = {
			isa = XCBuildConfiguration;
			buildSettings = {
				ASSETCATALOG_COMPILER_APPICON_NAME = AppIcon;
				INFOPLIST_FILE = MaskNumber/Info.plist;
				LD_RUNPATH_SEARCH_PATHS = "$(inherited) @executable_path/Frameworks";
				PRODUCT_BUNDLE_IDENTIFIER = com.leapfrog.MaskNumber;
				PRODUCT_NAME = "$(TARGET_NAME)";
			};
			name = Debug;
		};
		94DD6E551D092EAA00A78691 /* Release */ = {
			isa = XCBuildConfiguration;
			buildSettings = {
				ASSETCATALOG_COMPILER_APPICON_NAME = AppIcon;
				INFOPLIST_FILE = MaskNumber/Info.plist;
				LD_RUNPATH_SEARCH_PATHS = "$(inherited) @executable_path/Frameworks";
				PRODUCT_BUNDLE_IDENTIFIER = com.leapfrog.MaskNumber;
				PRODUCT_NAME = "$(TARGET_NAME)";
			};
			name = Release;
		};
		94DD6E571D092EAA00A78691 /* Debug */ = {
			isa = XCBuildConfiguration;
			buildSettings = {
				BUNDLE_LOADER = "$(TEST_HOST)";
				INFOPLIST_FILE = MaskNumberTests/Info.plist;
				LD_RUNPATH_SEARCH_PATHS = "$(inherited) @executable_path/Frameworks @loader_path/Frameworks";
				PRODUCT_BUNDLE_IDENTIFIER = com.leapfrog.MaskNumberTests;
				PRODUCT_NAME = "$(TARGET_NAME)";
				TEST_HOST = "$(BUILT_PRODUCTS_DIR)/MaskNumber.app/MaskNumber";
			};
			name = Debug;
		};
		94DD6E581D092EAA00A78691 /* Release */ = {
			isa = XCBuildConfiguration;
			buildSettings = {
				BUNDLE_LOADER = "$(TEST_HOST)";
				INFOPLIST_FILE = MaskNumberTests/Info.plist;
				LD_RUNPATH_SEARCH_PATHS = "$(inherited) @executable_path/Frameworks @loader_path/Frameworks";
				PRODUCT_BUNDLE_IDENTIFIER = com.leapfrog.MaskNumberTests;
				PRODUCT_NAME = "$(TARGET_NAME)";
				TEST_HOST = "$(BUILT_PRODUCTS_DIR)/MaskNumber.app/MaskNumber";
			};
			name = Release;
		};
		94DD6E5A1D092EAA00A78691 /* Debug */ = {
			isa = XCBuildConfiguration;
			buildSettings = {
				INFOPLIST_FILE = MaskNumberUITests/Info.plist;
				LD_RUNPATH_SEARCH_PATHS = "$(inherited) @executable_path/Frameworks @loader_path/Frameworks";
				PRODUCT_BUNDLE_IDENTIFIER = com.leapfrog.MaskNumberUITests;
				PRODUCT_NAME = "$(TARGET_NAME)";
				TEST_TARGET_NAME = MaskNumber;
			};
			name = Debug;
		};
		94DD6E5B1D092EAA00A78691 /* Release */ = {
			isa = XCBuildConfiguration;
			buildSettings = {
				INFOPLIST_FILE = MaskNumberUITests/Info.plist;
				LD_RUNPATH_SEARCH_PATHS = "$(inherited) @executable_path/Frameworks @loader_path/Frameworks";
				PRODUCT_BUNDLE_IDENTIFIER = com.leapfrog.MaskNumberUITests;
				PRODUCT_NAME = "$(TARGET_NAME)";
				TEST_TARGET_NAME = MaskNumber;
			};
			name = Release;
		};
/* End XCBuildConfiguration section */

/* Begin XCConfigurationList section */
		94DD6E261D092EAA00A78691 /* Build configuration list for PBXProject "MaskNumber" */ = {
			isa = XCConfigurationList;
			buildConfigurations = (
				94DD6E511D092EAA00A78691 /* Debug */,
				94DD6E521D092EAA00A78691 /* Release */,
			);
			defaultConfigurationIsVisible = 0;
			defaultConfigurationName = Release;
		};
		94DD6E531D092EAA00A78691 /* Build configuration list for PBXNativeTarget "MaskNumber" */ = {
			isa = XCConfigurationList;
			buildConfigurations = (
				94DD6E541D092EAA00A78691 /* Debug */,
				94DD6E551D092EAA00A78691 /* Release */,
			);
			defaultConfigurationIsVisible = 0;
			defaultConfigurationName = Release;
		};
		94DD6E561D092EAA00A78691 /* Build configuration list for PBXNativeTarget "MaskNumberTests" */ = {
			isa = XCConfigurationList;
			buildConfigurations = (
				94DD6E571D092EAA00A78691 /* Debug */,
				94DD6E581D092EAA00A78691 /* Release */,
			);
			defaultConfigurationIsVisible = 0;
			defaultConfigurationName = Release;
		};
		94DD6E591D092EAA00A78691 /* Build configuration list for PBXNativeTarget "MaskNumberUITests" */ = {
			isa = XCConfigurationList;
			buildConfigurations = (
				94DD6E5A1D092EAA00A78691 /* Debug */,
				94DD6E5B1D092EAA00A78691 /* Release */,
			);
			defaultConfigurationIsVisible = 0;
			defaultConfigurationName = Release;
		};
/* End XCConfigurationList section */
	};
	rootObject = 94DD6E231D092EAA00A78691 /* Project object */;
}
